
Microsoft Visual Studio Solution File, Format Version 12.00
# Visual Studio Version 17
VisualStudioVersion = 17.11.35222.181
MinimumVisualStudioVersion = 10.0.40219.1
Project("{FAE04EC0-301F-11D3-BF4B-00C04F79EFBC}") = "cwiczenia1", "cwiczenia1\cwiczenia1.csproj", "{8FB1D575-6C60-4200-B002-2D5C26B9239E}"
EndProject
Global
	GlobalSection(SolutionConfigurationPlatforms) = preSolution
		Debug|Any CPU = Debug|Any CPU
		Release|Any CPU = Release|Any CPU
	EndGlobalSection
	GlobalSection(ProjectConfigurationPlatforms) = postSolution
		{8FB1D575-6C60-4200-B002-2D5C26B9239E}.Debug|Any CPU.ActiveCfg = Debug|Any CPU
		{8FB1D575-6C60-4200-B002-2D5C26B9239E}.Debug|Any CPU.Build.0 = Debug|Any CPU
		{8FB1D575-6C60-4200-B002-2D5C26B9239E}.Release|Any CPU.ActiveCfg = Release|Any CPU
		{8FB1D575-6C60-4200-B002-2D5C26B9239E}.Release|Any CPU.Build.0 = Release|Any CPU
	EndGlobalSection
	GlobalSection(SolutionProperties) = preSolution
		HideSolutionNode = FALSE
	EndGlobalSection
	GlobalSection(ExtensibilityGlobals) = postSolution
		SolutionGuid = {E605F851-2608-4252-8B6D-A082DFC575D5}
	EndGlobalSection
EndGlobal
